{
  "name": "skylark-lodash",
  "version": "0.9.0",
  "lockfileVersion": 1,
  "requires": true,
  "dependencies": {
    "skylark-langx": {
      "version": "git+https://github.com/skylarklangx/skylark-langx.git#82a0443e1664e462052d9afa064fa3f1ad61c379",
      "from": "git+https://github.com/skylarklangx/skylark-langx.git#master"
    }
  }
}
